
Microsoft Visual Studio Solution File, Format Version 12.00
# Visual Studio Version 16
VisualStudioVersion = 16.0.31515.178
MinimumVisualStudioVersion = 10.0.40219.1
Project("{FAE04EC0-301F-11D3-BF4B-00C04F79EFBC}") = "CartAPI", "CartAPI\CartAPI.csproj", "{B0496358-A28B-451C-A724-41B88AE90CC1}"
EndProject
Project("{FAE04EC0-301F-11D3-BF4B-00C04F79EFBC}") = "CartAPITest", "CartAPITest\CartAPITest.csproj", "{271B2117-BD33-4AD9-B9F9-2314EB577E8C}"
EndProject
Global
	GlobalSection(SolutionConfigurationPlatforms) = preSolution
		Debug|Any CPU = Debug|Any CPU
		Release|Any CPU = Release|Any CPU
	EndGlobalSection
	GlobalSection(ProjectConfigurationPlatforms) = postSolution
		{B0496358-A28B-451C-A724-41B88AE90CC1}.Debug|Any CPU.ActiveCfg = Debug|Any CPU
		{B0496358-A28B-451C-A724-41B88AE90CC1}.Debug|Any CPU.Build.0 = Debug|Any CPU
		{B0496358-A28B-451C-A724-41B88AE90CC1}.Release|Any CPU.ActiveCfg = Release|Any CPU
		{B0496358-A28B-451C-A724-41B88AE90CC1}.Release|Any CPU.Build.0 = Release|Any CPU
		{271B2117-BD33-4AD9-B9F9-2314EB577E8C}.Debug|Any CPU.ActiveCfg = Debug|Any CPU
		{271B2117-BD33-4AD9-B9F9-2314EB577E8C}.Debug|Any CPU.Build.0 = Debug|Any CPU
		{271B2117-BD33-4AD9-B9F9-2314EB577E8C}.Release|Any CPU.ActiveCfg = Release|Any CPU
		{271B2117-BD33-4AD9-B9F9-2314EB577E8C}.Release|Any CPU.Build.0 = Release|Any CPU
	EndGlobalSection
	GlobalSection(SolutionProperties) = preSolution
		HideSolutionNode = FALSE
	EndGlobalSection
	GlobalSection(ExtensibilityGlobals) = postSolution
		SolutionGuid = {2EA6CED7-8A2D-4A9C-8F8A-029DB3837BD3}
	EndGlobalSection
EndGlobal
