
Microsoft Visual Studio Solution File, Format Version 12.00
# Visual Studio Version 16
VisualStudioVersion = 16.0.31515.178
MinimumVisualStudioVersion = 10.0.40219.1
Project("{FAE04EC0-301F-11D3-BF4B-00C04F79EFBC}") = "FlowApi", "FlowApi\FlowApi.csproj", "{55FA8D0D-7F04-4023-AE28-5E219E7DAEC8}"
EndProject
Project("{FAE04EC0-301F-11D3-BF4B-00C04F79EFBC}") = "FlowApiTest", "FlowApiTest\FlowApiTest.csproj", "{5797BAA6-4FC1-45FE-A275-5250E8257937}"
EndProject
Global
	GlobalSection(SolutionConfigurationPlatforms) = preSolution
		Debug|Any CPU = Debug|Any CPU
		Release|Any CPU = Release|Any CPU
	EndGlobalSection
	GlobalSection(ProjectConfigurationPlatforms) = postSolution
		{55FA8D0D-7F04-4023-AE28-5E219E7DAEC8}.Debug|Any CPU.ActiveCfg = Debug|Any CPU
		{55FA8D0D-7F04-4023-AE28-5E219E7DAEC8}.Debug|Any CPU.Build.0 = Debug|Any CPU
		{55FA8D0D-7F04-4023-AE28-5E219E7DAEC8}.Release|Any CPU.ActiveCfg = Release|Any CPU
		{55FA8D0D-7F04-4023-AE28-5E219E7DAEC8}.Release|Any CPU.Build.0 = Release|Any CPU
		{5797BAA6-4FC1-45FE-A275-5250E8257937}.Debug|Any CPU.ActiveCfg = Debug|Any CPU
		{5797BAA6-4FC1-45FE-A275-5250E8257937}.Debug|Any CPU.Build.0 = Debug|Any CPU
		{5797BAA6-4FC1-45FE-A275-5250E8257937}.Release|Any CPU.ActiveCfg = Release|Any CPU
		{5797BAA6-4FC1-45FE-A275-5250E8257937}.Release|Any CPU.Build.0 = Release|Any CPU
	EndGlobalSection
	GlobalSection(SolutionProperties) = preSolution
		HideSolutionNode = FALSE
	EndGlobalSection
	GlobalSection(ExtensibilityGlobals) = postSolution
		SolutionGuid = {83778DDF-7DAC-4C65-96A9-25AC5EEA4893}
	EndGlobalSection
EndGlobal
